
Microsoft Visual Studio Solution File, Format Version 12.00
# Visual Studio Version 17
VisualStudioVersion = 17.8.34330.188
MinimumVisualStudioVersion = 10.0.40219.1
Project("{9A19103F-16F7-4668-BE54-9A1E7A4F7556}") = "Project", "Project\Project.csproj", "{7B361D4C-47C2-4913-8942-FB58F50B621B}"
EndProject
Project("{9A19103F-16F7-4668-BE54-9A1E7A4F7556}") = "Web_Project", "Web_Project\Web_Project.csproj", "{E4558781-74C3-4879-A1A8-444A26A426C9}"
EndProject
Project("{FAE04EC0-301F-11D3-BF4B-00C04F79EFBC}") = "ClientN", "ClientN\ClientN.csproj", "{4DE71998-634D-41E5-A265-D14FEACA5448}"
EndProject
Global
	GlobalSection(SolutionConfigurationPlatforms) = preSolution
		Debug|Any CPU = Debug|Any CPU
		Release|Any CPU = Release|Any CPU
	EndGlobalSection
	GlobalSection(ProjectConfigurationPlatforms) = postSolution
		{7B361D4C-47C2-4913-8942-FB58F50B621B}.Debug|Any CPU.ActiveCfg = Debug|Any CPU
		{7B361D4C-47C2-4913-8942-FB58F50B621B}.Debug|Any CPU.Build.0 = Debug|Any CPU
		{7B361D4C-47C2-4913-8942-FB58F50B621B}.Release|Any CPU.ActiveCfg = Release|Any CPU
		{7B361D4C-47C2-4913-8942-FB58F50B621B}.Release|Any CPU.Build.0 = Release|Any CPU
		{E4558781-74C3-4879-A1A8-444A26A426C9}.Debug|Any CPU.ActiveCfg = Debug|Any CPU
		{E4558781-74C3-4879-A1A8-444A26A426C9}.Debug|Any CPU.Build.0 = Debug|Any CPU
		{E4558781-74C3-4879-A1A8-444A26A426C9}.Release|Any CPU.ActiveCfg = Release|Any CPU
		{E4558781-74C3-4879-A1A8-444A26A426C9}.Release|Any CPU.Build.0 = Release|Any CPU
		{4DE71998-634D-41E5-A265-D14FEACA5448}.Debug|Any CPU.ActiveCfg = Debug|Any CPU
		{4DE71998-634D-41E5-A265-D14FEACA5448}.Debug|Any CPU.Build.0 = Debug|Any CPU
		{4DE71998-634D-41E5-A265-D14FEACA5448}.Release|Any CPU.ActiveCfg = Release|Any CPU
		{4DE71998-634D-41E5-A265-D14FEACA5448}.Release|Any CPU.Build.0 = Release|Any CPU
	EndGlobalSection
	GlobalSection(SolutionProperties) = preSolution
		HideSolutionNode = FALSE
	EndGlobalSection
	GlobalSection(ExtensibilityGlobals) = postSolution
		SolutionGuid = {E5F66B60-FA7D-4330-96A7-38DD6ADC7554}
	EndGlobalSection
EndGlobal
